<?xml version="1.0" encoding="utf-8"?>
<Project ToolsVersion="4.0" xmlns="http://schemas.microsoft.com/developer/msbuild/2003">
  <ItemGroup>
    <Filter Include="Source files">
      <UniqueIdentifier>{0634f111-1835-46e2-acee-3f753a3604b4}</UniqueIdentifier>
    </Filter>
    <Filter Include="Header files">
      <UniqueIdentifier>{44b59c9c-e963-4108-9f86-90cff7cf9a07}</UniqueIdentifier>
    </Filter>
  </ItemGroup>
  <ItemGroup>
    <ClCompile Include="src\main.cpp">
      <Filter>Source files</Filter>
    </ClCompile>
    <ClCompile Include="src\utilities\console\console.cpp">
      <Filter>Source files</Filter>
    </ClCompile>
    <ClCompile Include="src\quest\quest.cpp">
      <Filter>Source files</Filter>
    </ClCompile>
    <ClCompile Include="src\npc\npc.cpp">
      <Filter>Source files</Filter>
    </ClCompile>
    <ClCompile Include="src\npc\ambient\ambientNpc.cpp">
      <Filter>Source files</Filter>
    </ClCompile>
    <ClCompile Include="src\location\location.cpp">
      <Filter>Source files</Filter>
    </ClCompile>
    <ClCompile Include="src\journal\journal.cpp">
      <Filter>Source files</Filter>
    </ClCompile>
    <ClCompile Include="src\item\item.cpp">
      <Filter>Source files</Filter>
    </ClCompile>
    <ClCompile Include="src\item\clothes\clothes.cpp">
      <Filter>Source files</Filter>
    </ClCompile>
    <ClCompile Include="src\item\weapon\weapon.cpp">
      <Filter>Source files</Filter>
    </ClCompile>
    <ClCompile Include="src\utilities\display\display.cpp">
      <Filter>Source files</Filter>
    </ClCompile>
    <ClCompile Include="src\utilities\input\input.cpp">
      <Filter>Source files</Filter>
    </ClCompile>
    <ClCompile Include="src\Event\Chapters\ChapterOne\ChapterOne.cpp">
      <Filter>Source files</Filter>
    </ClCompile>
    <ClCompile Include="src\Event\Chapters\Prologue\DarkAlley.cpp">
      <Filter>Source files</Filter>
    </ClCompile>
    <ClCompile Include="src\Event\Chapters\Prologue\Eden.cpp">
      <Filter>Source files</Filter>
    </ClCompile>
    <ClCompile Include="src\Event\Event.cpp">
      <Filter>Source files</Filter>
    </ClCompile>
    <ClCompile Include="src\Game\GameSettings\GameSettings.cpp">
      <Filter>Source files</Filter>
    </ClCompile>
    <ClCompile Include="src\Event\Chapters\Prologue\GunShop.cpp">
      <Filter>Source files</Filter>
    </ClCompile>
    <ClCompile Include="src\Npc\Hero\Hero.cpp">
      <Filter>Source files</Filter>
    </ClCompile>
    <ClCompile Include="src\Utilities\JsonHandler\JsonHandler.cpp">
      <Filter>Source files</Filter>
    </ClCompile>
    <ClCompile Include="src\Menu\Menu.cpp">
      <Filter>Source files</Filter>
    </ClCompile>
    <ClCompile Include="src\Event\Chapters\Prologue\Misc.cpp">
      <Filter>Source files</Filter>
    </ClCompile>
    <ClCompile Include="src\Event\Chapters\Prologue\Prologue.cpp">
      <Filter>Source files</Filter>
    </ClCompile>
    <ClCompile Include="src\Event\Chapters\Prologue\Random.cpp">
      <Filter>Source files</Filter>
    </ClCompile>
    <ClCompile Include="src\Utilities\SaveManager\SaveManager.cpp">
      <Filter>Source files</Filter>
    </ClCompile>
    <ClCompile Include="src\Event\Chapters\ChapterOne\SleepersHideout.cpp">
      <Filter>Source files</Filter>
    </ClCompile>
    <ClCompile Include="src\Event\Chapters\Prologue\Street.cpp">
      <Filter>Source files</Filter>
    </ClCompile>
    <ClCompile Include="src\Utilities\Utilities.cpp">
      <Filter>Source files</Filter>
    </ClCompile>
    <ClCompile Include="src\Utilities\Logger\Logger.cpp">
      <Filter>Source files</Filter>
    </ClCompile>
    <ClCompile Include="src\fraction\Fraction.cpp">
      <Filter>Source files</Filter>
    </ClCompile>
    <ClCompile Include="src\game\Game.cpp">
      <Filter>Source files</Filter>
    </ClCompile>
    <ClCompile Include="src\Inventory\Inventory.cpp">
      <Filter>Source files</Filter>
    </ClCompile>
  </ItemGroup>
  <ItemGroup>
    <ClInclude Include="src\utilities\console\console.hpp">
      <Filter>Header files</Filter>
    </ClInclude>
    <ClInclude Include="src\quest\quest.hpp">
      <Filter>Header files</Filter>
    </ClInclude>
    <ClInclude Include="src\npc\npc.hpp">
      <Filter>Header files</Filter>
    </ClInclude>
    <ClInclude Include="src\npc\ambient\ambientNpc.hpp">
      <Filter>Header files</Filter>
    </ClInclude>
    <ClInclude Include="src\location\location.hpp">
      <Filter>Header files</Filter>
    </ClInclude>
    <ClInclude Include="src\journal\journal.hpp">
      <Filter>Header files</Filter>
    </ClInclude>
    <ClInclude Include="src\item\item.hpp">
      <Filter>Header files</Filter>
    </ClInclude>
    <ClInclude Include="src\item\clothes\clothes.hpp">
      <Filter>Header files</Filter>
    </ClInclude>
    <ClInclude Include="src\item\weapon\weapon.hpp">
      <Filter>Header files</Filter>
    </ClInclude>
    <ClInclude Include="src\utilities\input\input.hpp">
      <Filter>Header files</Filter>
    </ClInclude>
    <ClInclude Include="src\utilities\display\display.hpp">
      <Filter>Header files</Filter>
    </ClInclude>
    <ClInclude Include="src\Event\Chapters\ChapterOne\ChapterOne.hpp">
      <Filter>Header files</Filter>
    </ClInclude>
    <ClInclude Include="src\Event\Event.hpp">
      <Filter>Header files</Filter>
    </ClInclude>
    <ClInclude Include="src\Game\GameSettings\GameSettings.hpp">
      <Filter>Header files</Filter>
    </ClInclude>
    <ClInclude Include="src\Npc\Hero\Hero.hpp">
      <Filter>Header files</Filter>
    </ClInclude>
    <ClInclude Include="src\Utilities\JsonHandler\JsonHandler.hpp">
      <Filter>Header files</Filter>
    </ClInclude>
    <ClInclude Include="src\Menu\Menu.hpp">
      <Filter>Header files</Filter>
    </ClInclude>
    <ClInclude Include="src\Event\Chapters\Prologue\Prologue.hpp">
      <Filter>Header files</Filter>
    </ClInclude>
    <ClInclude Include="src\Utilities\SaveManager\SaveManager.hpp">
      <Filter>Header files</Filter>
    </ClInclude>
    <ClInclude Include="src\Utilities\Logger\Logger.hpp">
      <Filter>Header files</Filter>
    </ClInclude>
    <ClInclude Include="src\fraction\Fraction.hpp">
      <Filter>Header files</Filter>
    </ClInclude>
    <ClInclude Include="src\utilities\Utilities.hpp">
      <Filter>Header files</Filter>
    </ClInclude>
    <ClInclude Include="src\game\Game.hpp">
      <Filter>Header files</Filter>
    </ClInclude>
    <ClInclude Include="src\Inventory\Inventory.hpp">
      <Filter>Header files</Filter>
    </ClInclude>
  </ItemGroup>
  <ItemGroup>
    <None Include="data\localisation\en.json" />
    <None Include="data\localisation\pl.json" />
  </ItemGroup>
</Project>