<?xml version="1.0" encoding="utf-8"?>
<Project ToolsVersion="4.0" xmlns="http://schemas.microsoft.com/developer/msbuild/2003">
  <ItemGroup>
    <Filter Include="Game">
      <UniqueIdentifier>{0a9afbda-cb2f-4e6b-bc83-eae5f3d1612f}</UniqueIdentifier>
    </Filter>
    <Filter Include="Events">
      <UniqueIdentifier>{2f1ebb80-dd38-415e-8853-6fa7a7bc30a3}</UniqueIdentifier>
    </Filter>
    <Filter Include="Events\Scenes">
      <UniqueIdentifier>{da7a7ec4-77a0-4508-8a06-dd699901649f}</UniqueIdentifier>
    </Filter>
    <Filter Include="Fraction">
      <UniqueIdentifier>{5f495596-3ec9-4077-9826-86e5b96f0950}</UniqueIdentifier>
    </Filter>
    <Filter Include="Inventory">
      <UniqueIdentifier>{a1654a92-2096-456f-9015-a91507f5f466}</UniqueIdentifier>
    </Filter>
    <Filter Include="Hero">
      <UniqueIdentifier>{9229107c-152a-447c-88d0-dcdb5e31bab0}</UniqueIdentifier>
    </Filter>
    <Filter Include="Item">
      <UniqueIdentifier>{771b8ea7-2923-4762-a2b5-0f7a98b85e87}</UniqueIdentifier>
    </Filter>
    <Filter Include="Item\Weapon">
      <UniqueIdentifier>{bbc360fd-0349-462c-a70c-81d5559a1e50}</UniqueIdentifier>
    </Filter>
    <Filter Include="Item\Clothes">
      <UniqueIdentifier>{0e23705a-580b-48b1-9b49-ae56162ab89f}</UniqueIdentifier>
    </Filter>
    <Filter Include="Location">
      <UniqueIdentifier>{7211ed78-7483-45f0-b908-8614585a0d82}</UniqueIdentifier>
    </Filter>
    <Filter Include="Npc">
      <UniqueIdentifier>{d272247a-ffb6-444d-9a57-aff45945351d}</UniqueIdentifier>
    </Filter>
    <Filter Include="Quest">
      <UniqueIdentifier>{e7a73f55-3c5a-416b-a831-bdf9973c56c1}</UniqueIdentifier>
    </Filter>
    <Filter Include="Utilities">
      <UniqueIdentifier>{a8ab3714-cfe7-4598-b736-f9575e6a5adc}</UniqueIdentifier>
    </Filter>
    <Filter Include="Utilities\Logger">
      <UniqueIdentifier>{5551b67e-35cb-4a35-9d24-5f8a30e07540}</UniqueIdentifier>
    </Filter>
    <Filter Include="Utilities\Menu">
      <UniqueIdentifier>{65f50685-5d76-44ff-83b5-10a942d33aeb}</UniqueIdentifier>
    </Filter>
    <Filter Include="Npc\ambient">
      <UniqueIdentifier>{cd700b1e-5424-45cb-99aa-c93e6391e1ad}</UniqueIdentifier>
    </Filter>
    <Filter Include="Journal">
      <UniqueIdentifier>{7781ca8d-0ad3-4f53-8ddd-4db6c6bb76ef}</UniqueIdentifier>
    </Filter>
    <Filter Include="Utilities\LanguageHandler">
      <UniqueIdentifier>{5bf6a2bc-9a51-4619-9f68-2ca58fb1db82}</UniqueIdentifier>
    </Filter>
    <Filter Include="Lang">
      <UniqueIdentifier>{3d599877-e651-40b5-ae84-febaf0bf4b36}</UniqueIdentifier>
    </Filter>
  </ItemGroup>
  <ItemGroup>
    <ClCompile Include="main.cpp" />
    <ClCompile Include="events\events.cpp">
      <Filter>Events</Filter>
    </ClCompile>
    <ClCompile Include="fraction\fraction.cpp">
      <Filter>Fraction</Filter>
    </ClCompile>
    <ClCompile Include="hero\hero.cpp">
      <Filter>Hero</Filter>
    </ClCompile>
    <ClCompile Include="item\item.cpp">
      <Filter>Item</Filter>
    </ClCompile>
    <ClCompile Include="location\location.cpp">
      <Filter>Location</Filter>
    </ClCompile>
    <ClCompile Include="npc\npc.cpp">
      <Filter>Npc</Filter>
    </ClCompile>
    <ClCompile Include="quest\quest.cpp">
      <Filter>Quest</Filter>
    </ClCompile>
    <ClCompile Include="utilities\utilities.cpp">
      <Filter>Utilities</Filter>
    </ClCompile>
    <ClCompile Include="game\game.cpp">
      <Filter>Game</Filter>
    </ClCompile>
    <ClCompile Include="inventory\inventory.cpp">
      <Filter>Inventory</Filter>
    </ClCompile>
    <ClCompile Include="events\scenes\prologue.cpp">
      <Filter>Events\Scenes</Filter>
    </ClCompile>
    <ClCompile Include="utilities\logger\logger.cpp">
      <Filter>Utilities\Logger</Filter>
    </ClCompile>
    <ClCompile Include="item\clothes\clothes.cpp">
      <Filter>Item\Clothes</Filter>
    </ClCompile>
    <ClCompile Include="item\weapon\weapon.cpp">
      <Filter>Item\Weapon</Filter>
    </ClCompile>
    <ClCompile Include="utilities\menu\menu.cpp">
      <Filter>Utilities\Menu</Filter>
    </ClCompile>
    <ClCompile Include="npc\ambient\ambientNpc.cpp">
      <Filter>Npc\ambient</Filter>
    </ClCompile>
    <ClCompile Include="events\scenes\actOne.cpp">
      <Filter>Events\Scenes</Filter>
    </ClCompile>
    <ClCompile Include="events\scenes\actThree.cpp">
      <Filter>Events\Scenes</Filter>
    </ClCompile>
    <ClCompile Include="events\scenes\actTwo.cpp">
      <Filter>Events\Scenes</Filter>
    </ClCompile>
    <ClCompile Include="events\scenes\epilogue.cpp">
      <Filter>Events\Scenes</Filter>
    </ClCompile>
    <ClCompile Include="journal\journal.cpp">
      <Filter>Journal</Filter>
    </ClCompile>
    <ClCompile Include="utilities\languageHandler\languageHandler.cpp">
      <Filter>Utilities\LanguageHandler</Filter>
    </ClCompile>
  </ItemGroup>
  <ItemGroup>
    <ClInclude Include="events\events.hpp">
      <Filter>Events</Filter>
    </ClInclude>
    <ClInclude Include="fraction\fraction.hpp">
      <Filter>Fraction</Filter>
    </ClInclude>
    <ClInclude Include="hero\hero.hpp">
      <Filter>Hero</Filter>
    </ClInclude>
    <ClInclude Include="item\item.hpp">
      <Filter>Item</Filter>
    </ClInclude>
    <ClInclude Include="location\location.hpp">
      <Filter>Location</Filter>
    </ClInclude>
    <ClInclude Include="npc\npc.hpp">
      <Filter>Npc</Filter>
    </ClInclude>
    <ClInclude Include="quest\quest.hpp">
      <Filter>Quest</Filter>
    </ClInclude>
    <ClInclude Include="utilities\utilities.hpp">
      <Filter>Utilities</Filter>
    </ClInclude>
    <ClInclude Include="game\game.hpp">
      <Filter>Game</Filter>
    </ClInclude>
    <ClInclude Include="inventory\inventory.hpp">
      <Filter>Inventory</Filter>
    </ClInclude>
    <ClInclude Include="utilities\logger\logger.hpp">
      <Filter>Utilities\Logger</Filter>
    </ClInclude>
    <ClInclude Include="item\clothes\clothes.hpp">
      <Filter>Item\Clothes</Filter>
    </ClInclude>
    <ClInclude Include="item\weapon\weapon.hpp">
      <Filter>Item\Weapon</Filter>
    </ClInclude>
    <ClInclude Include="utilities\menu\menu.hpp">
      <Filter>Utilities\Menu</Filter>
    </ClInclude>
    <ClInclude Include="npc\ambient\ambientNpc.hpp">
      <Filter>Npc\ambient</Filter>
    </ClInclude>
    <ClInclude Include="journal\journal.hpp">
      <Filter>Journal</Filter>
    </ClInclude>
    <ClInclude Include="utilities\json.hpp">
      <Filter>Utilities</Filter>
    </ClInclude>
    <ClInclude Include="utilities\languageHandler\languageHandler.hpp">
      <Filter>Utilities\LanguageHandler</Filter>
    </ClInclude>
  </ItemGroup>
  <ItemGroup>
    <None Include="lang\en.json">
      <Filter>Lang</Filter>
    </None>
    <None Include="lang\pl.json">
      <Filter>Lang</Filter>
    </None>
  </ItemGroup>
</Project>